
Microsoft Visual Studio Solution File, Format Version 12.00
# Visual Studio 15
VisualStudioVersion = 15.0.28010.2026
MinimumVisualStudioVersion = 10.0.40219.1
Project("{FAE04EC0-301F-11D3-BF4B-00C04F79EFBC}") = "Collatz", "Collatz\Collatz.csproj", "{0E00761F-C455-43BB-880C-B112D2D164BD}"
EndProject
Global
	GlobalSection(SolutionConfigurationPlatforms) = preSolution
		Debug|Any CPU = Debug|Any CPU
		Release|Any CPU = Release|Any CPU
	EndGlobalSection
	GlobalSection(ProjectConfigurationPlatforms) = postSolution
		{0E00761F-C455-43BB-880C-B112D2D164BD}.Debug|Any CPU.ActiveCfg = Debug|Any CPU
		{0E00761F-C455-43BB-880C-B112D2D164BD}.Debug|Any CPU.Build.0 = Debug|Any CPU
		{0E00761F-C455-43BB-880C-B112D2D164BD}.Release|Any CPU.ActiveCfg = Release|Any CPU
		{0E00761F-C455-43BB-880C-B112D2D164BD}.Release|Any CPU.Build.0 = Release|Any CPU
	EndGlobalSection
	GlobalSection(SolutionProperties) = preSolution
		HideSolutionNode = FALSE
	EndGlobalSection
	GlobalSection(ExtensibilityGlobals) = postSolution
		SolutionGuid = {D1BDE4E2-FE4A-4DB1-9729-1085B5677EB9}
	EndGlobalSection
EndGlobal
