
Microsoft Visual Studio Solution File, Format Version 12.00
# Visual Studio 15
VisualStudioVersion = 15.0.28010.2003
MinimumVisualStudioVersion = 10.0.40219.1
Project("{FAE04EC0-301F-11D3-BF4B-00C04F79EFBC}") = "StatoBot.Core", "StatoBot.Core\StatoBot.Core.csproj", "{63DB6921-7FEA-4BF9-B2C8-CE3E37C74481}"
EndProject
Project("{FAE04EC0-301F-11D3-BF4B-00C04F79EFBC}") = "StatoBot.Analytics", "StatoBot.Analytics\StatoBot.Analytics.csproj", "{8320E779-20D8-4595-813D-E0DC545F78D4}"
EndProject
Project("{FAE04EC0-301F-11D3-BF4B-00C04F79EFBC}") = "StatoBot.Terminal", "StatoBot.Terminal\StatoBot.Terminal.csproj", "{29FFE3E3-6924-42F4-8FA8-522BB6CF29B7}"
EndProject
Project("{FAE04EC0-301F-11D3-BF4B-00C04F79EFBC}") = "StatoBot.Reports", "StatoBot.Reports\StatoBot.Reports.csproj", "{35079881-2F7C-4AEA-AE97-B3047706F8D8}"
EndProject
Global
	GlobalSection(SolutionConfigurationPlatforms) = preSolution
		Debug|Any CPU = Debug|Any CPU
		Release|Any CPU = Release|Any CPU
	EndGlobalSection
	GlobalSection(ProjectConfigurationPlatforms) = postSolution
		{63DB6921-7FEA-4BF9-B2C8-CE3E37C74481}.Debug|Any CPU.ActiveCfg = Debug|Any CPU
		{63DB6921-7FEA-4BF9-B2C8-CE3E37C74481}.Debug|Any CPU.Build.0 = Debug|Any CPU
		{63DB6921-7FEA-4BF9-B2C8-CE3E37C74481}.Release|Any CPU.ActiveCfg = Release|Any CPU
		{63DB6921-7FEA-4BF9-B2C8-CE3E37C74481}.Release|Any CPU.Build.0 = Release|Any CPU
		{8320E779-20D8-4595-813D-E0DC545F78D4}.Debug|Any CPU.ActiveCfg = Debug|Any CPU
		{8320E779-20D8-4595-813D-E0DC545F78D4}.Debug|Any CPU.Build.0 = Debug|Any CPU
		{8320E779-20D8-4595-813D-E0DC545F78D4}.Release|Any CPU.ActiveCfg = Release|Any CPU
		{8320E779-20D8-4595-813D-E0DC545F78D4}.Release|Any CPU.Build.0 = Release|Any CPU
		{29FFE3E3-6924-42F4-8FA8-522BB6CF29B7}.Debug|Any CPU.ActiveCfg = Debug|Any CPU
		{29FFE3E3-6924-42F4-8FA8-522BB6CF29B7}.Debug|Any CPU.Build.0 = Debug|Any CPU
		{29FFE3E3-6924-42F4-8FA8-522BB6CF29B7}.Release|Any CPU.ActiveCfg = Release|Any CPU
		{29FFE3E3-6924-42F4-8FA8-522BB6CF29B7}.Release|Any CPU.Build.0 = Release|Any CPU
		{35079881-2F7C-4AEA-AE97-B3047706F8D8}.Debug|Any CPU.ActiveCfg = Debug|Any CPU
		{35079881-2F7C-4AEA-AE97-B3047706F8D8}.Debug|Any CPU.Build.0 = Debug|Any CPU
		{35079881-2F7C-4AEA-AE97-B3047706F8D8}.Release|Any CPU.ActiveCfg = Release|Any CPU
		{35079881-2F7C-4AEA-AE97-B3047706F8D8}.Release|Any CPU.Build.0 = Release|Any CPU
	EndGlobalSection
	GlobalSection(SolutionProperties) = preSolution
		HideSolutionNode = FALSE
	EndGlobalSection
	GlobalSection(ExtensibilityGlobals) = postSolution
		SolutionGuid = {97D94FD1-DB3D-4378-941F-85162664AE54}
	EndGlobalSection
EndGlobal
